<?xml version="1.0" encoding="utf-8"?>
<Project ToolsVersion="4.0" xmlns="http://schemas.microsoft.com/developer/msbuild/2003">
  <ItemGroup>
    <ClCompile Include="pch.cpp" />
    <ClCompile Include="MemoryStream.cpp" />
    <ClCompile Include="Endian.cpp" />
    <ClCompile Include="MemoryBitStream.cpp" />
    <ClCompile Include="Reflection.cpp" />
  </ItemGroup>
  <ItemGroup>
    <ClInclude Include="pch.h" />
    <ClInclude Include="MemoryStream.h" />
    <ClInclude Include="Endian.h" />
    <ClInclude Include="MemoryBitStream.h" />
    <ClInclude Include="LinkingContext.h" />
    <ClInclude Include="Reflection.h" />
  </ItemGroup>
</Project>